github.com/jonboulle/clockwork v0.4.0 h1:p4Cf1aMWXnXAUh8lVfewRBx1zaTSYKrKMF2g3ST4RZ4=
github.com/jonboulle/clockwork v0.4.0/go.mod h1:xgRqUGwRcjKCO1vbZUEtSLrqKoPSsUpK7fnezOII0kc=
golang.org/x/image v0.15.0 h1:kOELfmgrmJlw4Cdb7g/QGuB3CvDrXbqEIww/pNtNBm8=
golang.org/x/image v0.15.0/go.mod h1:HUYqC05R2ZcZ3ejNQsIHQDQiwWM4JBqmm6MKANTp4LE=
periph.io/x/bootstrap v1.1.0 h1:4x2HK8yLYhMm0X15MxkceGgk5+6EL85K0+cyCA3MWSs=
periph.io/x/bootstrap v1.1.0/go.mod h1:gdS3xNZrSBUizpewTFD+EmZALZBr8nR/xS0jemTCO3M=
periph.io/x/cmd v0.0.0-20230427144648-020ef0566340 h1:J1tsCXxGCRNNJZ7NhKll1DD7gCNTBYdnb2WXZpKnP+8=
periph.io/x/cmd v0.0.0-20230427144648-020ef0566340/go.mod h1:M5o9kPqRzq7ORh7v1W0fJWPJ34+zglDzJndZj3DWNvI=
periph.io/x/conn/v3 v3.7.0 h1:f1EXLn4pkf7AEWwkol2gilCNZ0ElY+bxS4WE2PQXfrA=
periph.io/x/conn/v3 v3.7.0/go.mod h1:ypY7UVxgDbP9PJGwFSVelRRagxyXYfttVh7hJZUHEhg=
periph.io/x/d2xx v0.1.0 h1:aR+hMkz57YbQHR+Rji4jHH43YLTITRZUr2HjhqCYa7k=
periph.io/x/d2xx v0.1.0/go.mod h1:OflHQcWZ4LDP/2opGYbdXSP/yvWSnHVFO90KRoyobWY=
periph.io/x/devices/v3 v3.7.1 h1:BsExlfYJlZUZoawzpMF7ksgC9f1eBAdqvKRCGvb+VYw=
periph.io/x/devices/v3 v3.7.1/go.mod h1:ezQOe8WknDaMbKZXVwQUQkIauyLyJshwAHkIohHXA94=
periph.io/x/host/v3 v3.8.2 h1:ayKUDzgUCN0g8+/xM9GTkWaOBhSLVcVHGTfjAOi8OsQ=
periph.io/x/host/v3 v3.8.2/go.mod h1:yFL76AesNHR68PboofSWYaQTKmvPXsQH2Apvp/ls/K4=
